
Microsoft Visual Studio Solution File, Format Version 12.00
# Visual Studio Version 17
VisualStudioVersion = 17.8.34511.84
MinimumVisualStudioVersion = 10.0.40219.1
Project("{FAE04EC0-301F-11D3-BF4B-00C04F79EFBC}") = "SharedKernel", "SharedKernel\SharedKernel.csproj", "{CD853F28-E367-465A-BCB3-14064F28D82C}"
EndProject
Global
	GlobalSection(SolutionConfigurationPlatforms) = preSolution
		Debug|Any CPU = Debug|Any CPU
		Release|Any CPU = Release|Any CPU
	EndGlobalSection
	GlobalSection(ProjectConfigurationPlatforms) = postSolution
		{CD853F28-E367-465A-BCB3-14064F28D82C}.Debug|Any CPU.ActiveCfg = Debug|Any CPU
		{CD853F28-E367-465A-BCB3-14064F28D82C}.Debug|Any CPU.Build.0 = Debug|Any CPU
		{CD853F28-E367-465A-BCB3-14064F28D82C}.Release|Any CPU.ActiveCfg = Release|Any CPU
		{CD853F28-E367-465A-BCB3-14064F28D82C}.Release|Any CPU.Build.0 = Release|Any CPU
	EndGlobalSection
	GlobalSection(SolutionProperties) = preSolution
		HideSolutionNode = FALSE
	EndGlobalSection
	GlobalSection(ExtensibilityGlobals) = postSolution
		SolutionGuid = {E333B4AC-EC29-4A85-B8C6-4839E8C0F266}
	EndGlobalSection
EndGlobal
